
Microsoft Visual Studio Solution File, Format Version 12.00
# Visual Studio 15
Project("{FAE04EC0-301F-11D3-BF4B-00C04F79EFBC}") = "Assembly-CSharp", "Assembly-CSharp.csproj", "{99D491E8-1CDE-4A2D-4212-67B03AD1F986}"
EndProject
Project("{FAE04EC0-301F-11D3-BF4B-00C04F79EFBC}") = "Assembly-CSharp-Editor", "Assembly-CSharp-Editor.csproj", "{36E8D277-C881-7311-7DE1-EE3188C24CF7}"
EndProject
Global
	GlobalSection(SolutionConfigurationPlatforms) = preSolution
		Debug|Any CPU = Debug|Any CPU
		Release|Any CPU = Release|Any CPU
	EndGlobalSection
	GlobalSection(ProjectConfigurationPlatforms) = postSolution
		{99D491E8-1CDE-4A2D-4212-67B03AD1F986}.Debug|Any CPU.ActiveCfg = Debug|Any CPU
		{99D491E8-1CDE-4A2D-4212-67B03AD1F986}.Debug|Any CPU.Build.0 = Debug|Any CPU
		{99D491E8-1CDE-4A2D-4212-67B03AD1F986}.Release|Any CPU.ActiveCfg = Release|Any CPU
		{99D491E8-1CDE-4A2D-4212-67B03AD1F986}.Release|Any CPU.Build.0 = Release|Any CPU
		{36E8D277-C881-7311-7DE1-EE3188C24CF7}.Debug|Any CPU.ActiveCfg = Debug|Any CPU
		{36E8D277-C881-7311-7DE1-EE3188C24CF7}.Debug|Any CPU.Build.0 = Debug|Any CPU
		{36E8D277-C881-7311-7DE1-EE3188C24CF7}.Release|Any CPU.ActiveCfg = Release|Any CPU
		{36E8D277-C881-7311-7DE1-EE3188C24CF7}.Release|Any CPU.Build.0 = Release|Any CPU
	EndGlobalSection
	GlobalSection(SolutionProperties) = preSolution
		HideSolutionNode = FALSE
	EndGlobalSection
EndGlobal
